
Microsoft Visual Studio Solution File, Format Version 12.00
# Visual Studio Version 16
VisualStudioVersion = 16.0.29326.143
MinimumVisualStudioVersion = 10.0.40219.1
Project("{FAE04EC0-301F-11D3-BF4B-00C04F79EFBC}") = "1_first_file", "1_first_file\1_first_file.csproj", "{C432751B-5F9A-4D63-8E0B-7A2969BD79D3}"
EndProject
Global
	GlobalSection(SolutionConfigurationPlatforms) = preSolution
		Debug|Any CPU = Debug|Any CPU
		Release|Any CPU = Release|Any CPU
	EndGlobalSection
	GlobalSection(ProjectConfigurationPlatforms) = postSolution
		{C432751B-5F9A-4D63-8E0B-7A2969BD79D3}.Debug|Any CPU.ActiveCfg = Debug|Any CPU
		{C432751B-5F9A-4D63-8E0B-7A2969BD79D3}.Debug|Any CPU.Build.0 = Debug|Any CPU
		{C432751B-5F9A-4D63-8E0B-7A2969BD79D3}.Release|Any CPU.ActiveCfg = Release|Any CPU
		{C432751B-5F9A-4D63-8E0B-7A2969BD79D3}.Release|Any CPU.Build.0 = Release|Any CPU
	EndGlobalSection
	GlobalSection(SolutionProperties) = preSolution
		HideSolutionNode = FALSE
	EndGlobalSection
	GlobalSection(ExtensibilityGlobals) = postSolution
		SolutionGuid = {60417200-F372-4A29-93BB-4E6F17B12DD4}
	EndGlobalSection
EndGlobal
